
Microsoft Visual Studio Solution File, Format Version 12.00
# Visual Studio Version 16
VisualStudioVersion = 16.0.29215.179
MinimumVisualStudioVersion = 10.0.40219.1
Project("{FAE04EC0-301F-11D3-BF4B-00C04F79EFBC}") = "Classwork9", "Classwork9\Classwork9.csproj", "{77DA6541-7E1D-4177-8AA1-1DB6F5452D18}"
EndProject
Global
	GlobalSection(SolutionConfigurationPlatforms) = preSolution
		Debug|Any CPU = Debug|Any CPU
		Release|Any CPU = Release|Any CPU
	EndGlobalSection
	GlobalSection(ProjectConfigurationPlatforms) = postSolution
		{77DA6541-7E1D-4177-8AA1-1DB6F5452D18}.Debug|Any CPU.ActiveCfg = Debug|Any CPU
		{77DA6541-7E1D-4177-8AA1-1DB6F5452D18}.Debug|Any CPU.Build.0 = Debug|Any CPU
		{77DA6541-7E1D-4177-8AA1-1DB6F5452D18}.Release|Any CPU.ActiveCfg = Release|Any CPU
		{77DA6541-7E1D-4177-8AA1-1DB6F5452D18}.Release|Any CPU.Build.0 = Release|Any CPU
	EndGlobalSection
	GlobalSection(SolutionProperties) = preSolution
		HideSolutionNode = FALSE
	EndGlobalSection
	GlobalSection(ExtensibilityGlobals) = postSolution
		SolutionGuid = {55C76C98-7A8D-4D83-B286-929915F61FE0}
	EndGlobalSection
EndGlobal
